%{
  "brod": {:hex, :brod, "3.10.0", "13e39f0789c40d38e354d7b9a47a7168a258f1796165b79f0a5d16150f612601", [:rebar3], [{:kafka_protocol, "2.3.6", [hex: :kafka_protocol, repo: "hexpm", optional: false]}, {:supervisor3, "1.1.8", [hex: :supervisor3, repo: "hexpm", optional: false]}], "hexpm", "e328a6e84b3a252bb00bd6291df2e41f35e279ee01456b7e77d763a63e388534"},
  "crc32cer": {:hex, :crc32cer, "0.1.4", "a656dff19474d1a1fc5bb0081610ab6b0695b23affc47fa90abeb079a8ef9752", [:rebar3], [], "hexpm", "964735a5422cf65bbc5354860a560fff546f0026f83f8860525bd58ab5bade5d"},
  "jason": {:hex, :jason, "1.2.1", "12b22825e22f468c02eb3e4b9985f3d0cb8dc40b9bd704730efa11abd2708c44", [:mix], [{:decimal, "~> 1.0", [hex: :decimal, repo: "hexpm", optional: true]}], "hexpm", "b659b8571deedf60f79c5a608e15414085fa141344e2716fbd6988a084b5f993"},
  "kafka_protocol": {:hex, :kafka_protocol, "2.3.6", "df076a8ef49fffae3535c805cb00f3a057ce1895e63398bf8a10569eeeac02f8", [:rebar, :rebar3], [{:crc32cer, "0.1.4", [hex: :crc32cer, repo: "hexpm", optional: false]}, {:snappyer, "1.2.5", [hex: :snappyer, repo: "hexpm", optional: false]}], "hexpm", "7cb061fe46babc7fd269d2c0e5b4dba5d1efc4f7dacce85b17a9cca973106b23"},
  "snappyer": {:hex, :snappyer, "1.2.5", "9154b9ac84031f0a799f72a4aa87df23ab2193b5631475fa2cdc304382d2df77", [:rebar3], [], "hexpm", "d2adc26a81efd5f138397a38a0bb545188d302972721f8be0de37fa452c8aed7"},
  "supervisor3": {:hex, :supervisor3, "1.1.8", "5cf95c95342b589ec8d74689eea0646c0a3eb92820241e0c2d0ca4c104df92bc", [:make, :rebar, :rebar3], [], "hexpm", "4814b4d4343e777cc724312a588061828703f05149129cda2cb30d14105b1128"},
}
