{"1.2.0",
[{<<"crc32cer">>,{pkg,<<"crc32cer">>,<<"0.1.8">>},1},
 {<<"kafka_protocol">>,{pkg,<<"kafka_protocol">>,<<"4.1.0">>},0},
 {<<"snappyer">>,{pkg,<<"snappyer">>,<<"1.2.8">>},0},
 {<<"supervisor3">>,{pkg,<<"supervisor3">>,<<"1.1.11">>},0},
 {<<"telemetry">>,{pkg,<<"telemetry">>,<<"1.1.0">>},0}]}.
[
{pkg_hash,[
 {<<"crc32cer">>, <<"C6C2275C5FB60A95F4935D414F30B50EE9CFED494081C9B36EBB02EDFC2F48DB">>},
 {<<"kafka_protocol">>, <<"53FAC8866969484F783BFF204BD4E41E62A97CE9753C83F802A08D5BFC0E0C4C">>},
 {<<"snappyer">>, <<"201CE9067A33C71A6A5087C0C3A49A010B17112D461E6DF696C722DCB6D0934A">>},
 {<<"supervisor3">>, <<"D81CDEC31D102FDE407423E1D05B569572850DEEBED86B951D5233C387CBA80B">>},
 {<<"telemetry">>, <<"A589817034A27EAB11144AD24D5C0F9FAB1F58173274B1E9BAE7074AF9CBEE51">>}]},
{pkg_hash_ext,[
 {<<"crc32cer">>, <<"251499085482920DEB6C9B7AADABF9FB4C432F96ADD97AB42AEE4501E5B6F591">>},
 {<<"kafka_protocol">>, <<"61CB8B80199BF95122CF8073E0F4C0AD62F82515B4D44C54F946A5972C3F5FA5">>},
 {<<"snappyer">>, <<"35518E79A28548B56D8FD6AEE2F565F12F51C2D3D053F9CFA817C83BE88C4F3D">>},
 {<<"supervisor3">>, <<"E6C2DEDBCABCBA24995A218ACA12DB5E208B80D3252692B22EF0F1A266104B50">>},
 {<<"telemetry">>, <<"B727B2A1F75614774CFF2D7565B64D0DFA5BD52BA517F16543E6FC7EFCC0DF48">>}]}
].
