{"1.2.0",
[{<<"crc32cer">>,{pkg,<<"crc32cer">>,<<"0.1.8">>},1},
 {<<"kafka_protocol">>,{pkg,<<"kafka_protocol">>,<<"3.0.1">>},0},
 {<<"snappyer">>,{pkg,<<"snappyer">>,<<"1.2.8">>},1},
 {<<"supervisor3">>,{pkg,<<"supervisor3">>,<<"1.1.11">>},0}]}.
[
{pkg_hash,[
 {<<"crc32cer">>, <<"C6C2275C5FB60A95F4935D414F30B50EE9CFED494081C9B36EBB02EDFC2F48DB">>},
 {<<"kafka_protocol">>, <<"4CE570C9D8E3B07B5F31EBDB515BEF63AB48E9C99875C90C0DB47A30DB42C71D">>},
 {<<"snappyer">>, <<"201CE9067A33C71A6A5087C0C3A49A010B17112D461E6DF696C722DCB6D0934A">>},
 {<<"supervisor3">>, <<"D81CDEC31D102FDE407423E1D05B569572850DEEBED86B951D5233C387CBA80B">>}]},
{pkg_hash_ext,[
 {<<"crc32cer">>, <<"251499085482920DEB6C9B7AADABF9FB4C432F96ADD97AB42AEE4501E5B6F591">>},
 {<<"kafka_protocol">>, <<"C77A2400537072EAF18FE821C6F469C879788F215C60612AA0EAA3444DDDF467">>},
 {<<"snappyer">>, <<"35518E79A28548B56D8FD6AEE2F565F12F51C2D3D053F9CFA817C83BE88C4F3D">>},
 {<<"supervisor3">>, <<"E6C2DEDBCABCBA24995A218ACA12DB5E208B80D3252692B22EF0F1A266104B50">>}]}
].
