{"1.2.0",
[{<<"crc32cer">>,{pkg,<<"crc32cer">>,<<"0.1.8">>},1},
 {<<"kafka_protocol">>,{pkg,<<"kafka_protocol">>,<<"4.0.1">>},0},
 {<<"supervisor3">>,{pkg,<<"supervisor3">>,<<"1.1.11">>},0}]}.
[
{pkg_hash,[
 {<<"crc32cer">>, <<"C6C2275C5FB60A95F4935D414F30B50EE9CFED494081C9B36EBB02EDFC2F48DB">>},
 {<<"kafka_protocol">>, <<"FC696880C73483C8B032C4BB60F2873046035C7824E1EDCB924CFCE643CF23DD">>},
 {<<"supervisor3">>, <<"D81CDEC31D102FDE407423E1D05B569572850DEEBED86B951D5233C387CBA80B">>}]},
{pkg_hash_ext,[
 {<<"crc32cer">>, <<"251499085482920DEB6C9B7AADABF9FB4C432F96ADD97AB42AEE4501E5B6F591">>},
 {<<"kafka_protocol">>, <<"687BFD9989998EC8FBBC3ED50D1239A6C07A7DC15B52914AD477413B89ECB621">>},
 {<<"supervisor3">>, <<"E6C2DEDBCABCBA24995A218ACA12DB5E208B80D3252692B22EF0F1A266104B50">>}]}
].
